// !$*UTF8*$!
{
	archiveVersion = 1;
	classes = {
	};
	objectVersion = 46;
	objects = {

/* Begin PBXBuildFile section */
		3E5E33551D25C3250061178A /* OriginalTweet.swift in Sources */ = {isa = PBXBuildFile; fileRef = 3E5E33541D25C3250061178A /* OriginalTweet.swift */; };
		3E874F461D23275400EFC5E6 /* TweetCell.swift in Sources */ = {isa = PBXBuildFile; fileRef = 3E874F451D23275400EFC5E6 /* TweetCell.swift */; };
		3E874F481D23380900EFC5E6 /* NewTweetViewController.swift in Sources */ = {isa = PBXBuildFile; fileRef = 3E874F471D23380900EFC5E6 /* NewTweetViewController.swift */; };
		3E874F4A1D23868700EFC5E6 /* ProfileViewController.swift in Sources */ = {isa = PBXBuildFile; fileRef = 3E874F491D23868700EFC5E6 /* ProfileViewController.swift */; };
		3E874F4C1D23877100EFC5E6 /* DetailViewController.swift in Sources */ = {isa = PBXBuildFile; fileRef = 3E874F4B1D23877100EFC5E6 /* DetailViewController.swift */; };
		3E874F4F1D239FCC00EFC5E6 /* OtherUserViewController.swift in Sources */ = {isa = PBXBuildFile; fileRef = 3E874F4E1D239FCC00EFC5E6 /* OtherUserViewController.swift */; };
		3EDD17881D21C4C2009F461B /* AppDelegate.swift in Sources */ = {isa = PBXBuildFile; fileRef = 3EDD17871D21C4C2009F461B /* AppDelegate.swift */; };
		3EDD178D1D21C4C2009F461B /* Main.storyboard in Resources */ = {isa = PBXBuildFile; fileRef = 3EDD178B1D21C4C2009F461B /* Main.storyboard */; };
		3EDD178F1D21C4C2009F461B /* Assets.xcassets in Resources */ = {isa = PBXBuildFile; fileRef = 3EDD178E1D21C4C2009F461B /* Assets.xcassets */; };
		3EDD17921D21C4C2009F461B /* LaunchScreen.storyboard in Resources */ = {isa = PBXBuildFile; fileRef = 3EDD17901D21C4C2009F461B /* LaunchScreen.storyboard */; };
		3EDD179D1D21C4C2009F461B /* twitterTests.swift in Sources */ = {isa = PBXBuildFile; fileRef = 3EDD179C1D21C4C2009F461B /* twitterTests.swift */; };
		3EDD17A81D21C4C2009F461B /* twitterUITests.swift in Sources */ = {isa = PBXBuildFile; fileRef = 3EDD17A71D21C4C2009F461B /* twitterUITests.swift */; };
		3EDD17B61D21C8E2009F461B /* LoginViewController.swift in Sources */ = {isa = PBXBuildFile; fileRef = 3EDD17B51D21C8E2009F461B /* LoginViewController.swift */; };
		3EDD17BD1D21DCDD009F461B /* User.swift in Sources */ = {isa = PBXBuildFile; fileRef = 3EDD17BC1D21DCDD009F461B /* User.swift */; };
		3EDD17BF1D21DE80009F461B /* Tweet.swift in Sources */ = {isa = PBXBuildFile; fileRef = 3EDD17BE1D21DE80009F461B /* Tweet.swift */; };
		3EDD17C31D21E4F2009F461B /* TwitterClient.swift in Sources */ = {isa = PBXBuildFile; fileRef = 3EDD17C21D21E4F2009F461B /* TwitterClient.swift */; };
		3EDD17C51D221724009F461B /* TweetsViewController.swift in Sources */ = {isa = PBXBuildFile; fileRef = 3EDD17C41D221724009F461B /* TweetsViewController.swift */; };
		72D0A8D6F3E0CADDE1DC7622 /* Pods_twitterUITests.framework in Frameworks */ = {isa = PBXBuildFile; fileRef = 1D4F808202353EF2E6C3D4A6 /* Pods_twitterUITests.framework */; };
		7DC77056C0BF661BC0AA87DA /* Pods_twitter.framework in Frameworks */ = {isa = PBXBuildFile; fileRef = D0AC35D65AF3E1695CB273CE /* Pods_twitter.framework */; };
		9830F3DDDC63F9D80B98C5C5 /* Pods_twitterTests.framework in Frameworks */ = {isa = PBXBuildFile; fileRef = 7E034CBD4BAE1B9B56744DE1 /* Pods_twitterTests.framework */; };
/* End PBXBuildFile section */

/* Begin PBXContainerItemProxy section */
		3EDD17991D21C4C2009F461B /* PBXContainerItemProxy */ = {
			isa = PBXContainerItemProxy;
			containerPortal = 3EDD177C1D21C4C2009F461B /* Project object */;
			proxyType = 1;
			remoteGlobalIDString = 3EDD17831D21C4C2009F461B;
			remoteInfo = twitter;
		};
		3EDD17A41D21C4C2009F461B /* PBXContainerItemProxy */ = {
			isa = PBXContainerItemProxy;
			containerPortal = 3EDD177C1D21C4C2009F461B /* Project object */;
			proxyType = 1;
			remoteGlobalIDString = 3EDD17831D21C4C2009F461B;
			remoteInfo = twitter;
		};
/* End PBXContainerItemProxy section */

/* Begin PBXFileReference section */
		1D4F808202353EF2E6C3D4A6 /* Pods_twitterUITests.framework */ = {isa = PBXFileReference; explicitFileType = wrapper.framework; includeInIndex = 0; path = Pods_twitterUITests.framework; sourceTree = BUILT_PRODUCTS_DIR; };
		2AA08FEC5A65DAA90D9DE145 /* Pods-twitterTests.debug.xcconfig */ = {isa = PBXFileReference; includeInIndex = 1; lastKnownFileType = text.xcconfig; name = "Pods-twitterTests.debug.xcconfig"; path = "Pods/Target Support Files/Pods-twitterTests/Pods-twitterTests.debug.xcconfig"; sourceTree = "<group>"; };
		3267363C75B83381397ED5C4 /* Pods-twitterTests.release.xcconfig */ = {isa = PBXFileReference; includeInIndex = 1; lastKnownFileType = text.xcconfig; name = "Pods-twitterTests.release.xcconfig"; path = "Pods/Target Support Files/Pods-twitterTests/Pods-twitterTests.release.xcconfig"; sourceTree = "<group>"; };
		3E5E33541D25C3250061178A /* OriginalTweet.swift */ = {isa = PBXFileReference; fileEncoding = 4; lastKnownFileType = sourcecode.swift; path = OriginalTweet.swift; sourceTree = "<group>"; };
		3E874F451D23275400EFC5E6 /* TweetCell.swift */ = {isa = PBXFileReference; fileEncoding = 4; lastKnownFileType = sourcecode.swift; path = TweetCell.swift; sourceTree = "<group>"; };
		3E874F471D23380900EFC5E6 /* NewTweetViewController.swift */ = {isa = PBXFileReference; fileEncoding = 4; lastKnownFileType = sourcecode.swift; path = NewTweetViewController.swift; sourceTree = "<group>"; };
		3E874F491D23868700EFC5E6 /* ProfileViewController.swift */ = {isa = PBXFileReference; fileEncoding = 4; lastKnownFileType = sourcecode.swift; path = ProfileViewController.swift; sourceTree = "<group>"; };
		3E874F4B1D23877100EFC5E6 /* DetailViewController.swift */ = {isa = PBXFileReference; fileEncoding = 4; lastKnownFileType = sourcecode.swift; path = DetailViewController.swift; sourceTree = "<group>"; };
		3E874F4E1D239FCC00EFC5E6 /* OtherUserViewController.swift */ = {isa = PBXFileReference; fileEncoding = 4; lastKnownFileType = sourcecode.swift; path = OtherUserViewController.swift; sourceTree = "<group>"; };
		3EDD17841D21C4C2009F461B /* twitter.app */ = {isa = PBXFileReference; explicitFileType = wrapper.application; includeInIndex = 0; path = twitter.app; sourceTree = BUILT_PRODUCTS_DIR; };
		3EDD17871D21C4C2009F461B /* AppDelegate.swift */ = {isa = PBXFileReference; lastKnownFileType = sourcecode.swift; path = AppDelegate.swift; sourceTree = "<group>"; };
		3EDD178C1D21C4C2009F461B /* Base */ = {isa = PBXFileReference; lastKnownFileType = file.storyboard; name = Base; path = Base.lproj/Main.storyboard; sourceTree = "<group>"; };
		3EDD178E1D21C4C2009F461B /* Assets.xcassets */ = {isa = PBXFileReference; lastKnownFileType = folder.assetcatalog; path = Assets.xcassets; sourceTree = "<group>"; };
		3EDD17911D21C4C2009F461B /* Base */ = {isa = PBXFileReference; lastKnownFileType = file.storyboard; name = Base; path = Base.lproj/LaunchScreen.storyboard; sourceTree = "<group>"; };
		3EDD17931D21C4C2009F461B /* Info.plist */ = {isa = PBXFileReference; lastKnownFileType = text.plist.xml; path = Info.plist; sourceTree = "<group>"; };
		3EDD17981D21C4C2009F461B /* twitterTests.xctest */ = {isa = PBXFileReference; explicitFileType = wrapper.cfbundle; includeInIndex = 0; path = twitterTests.xctest; sourceTree = BUILT_PRODUCTS_DIR; };
		3EDD179C1D21C4C2009F461B /* twitterTests.swift */ = {isa = PBXFileReference; lastKnownFileType = sourcecode.swift; path = twitterTests.swift; sourceTree = "<group>"; };
		3EDD179E1D21C4C2009F461B /* Info.plist */ = {isa = PBXFileReference; lastKnownFileType = text.plist.xml; path = Info.plist; sourceTree = "<group>"; };
		3EDD17A31D21C4C2009F461B /* twitterUITests.xctest */ = {isa = PBXFileReference; explicitFileType = wrapper.cfbundle; includeInIndex = 0; path = twitterUITests.xctest; sourceTree = BUILT_PRODUCTS_DIR; };
		3EDD17A71D21C4C2009F461B /* twitterUITests.swift */ = {isa = PBXFileReference; lastKnownFileType = sourcecode.swift; path = twitterUITests.swift; sourceTree = "<group>"; };
		3EDD17A91D21C4C2009F461B /* Info.plist */ = {isa = PBXFileReference; lastKnownFileType = text.plist.xml; path = Info.plist; sourceTree = "<group>"; };
		3EDD17B51D21C8E2009F461B /* LoginViewController.swift */ = {isa = PBXFileReference; fileEncoding = 4; lastKnownFileType = sourcecode.swift; path = LoginViewController.swift; sourceTree = "<group>"; };
		3EDD17BC1D21DCDD009F461B /* User.swift */ = {isa = PBXFileReference; fileEncoding = 4; lastKnownFileType = sourcecode.swift; path = User.swift; sourceTree = "<group>"; };
		3EDD17BE1D21DE80009F461B /* Tweet.swift */ = {isa = PBXFileReference; fileEncoding = 4; lastKnownFileType = sourcecode.swift; path = Tweet.swift; sourceTree = "<group>"; };
		3EDD17C21D21E4F2009F461B /* TwitterClient.swift */ = {isa = PBXFileReference; fileEncoding = 4; lastKnownFileType = sourcecode.swift; path = TwitterClient.swift; sourceTree = "<group>"; };
		3EDD17C41D221724009F461B /* TweetsViewController.swift */ = {isa = PBXFileReference; fileEncoding = 4; lastKnownFileType = sourcecode.swift; path = TweetsViewController.swift; sourceTree = "<group>"; };
		55CB56D560DFC414F970B0AA /* Pods-twitter.debug.xcconfig */ = {isa = PBXFileReference; includeInIndex = 1; lastKnownFileType = text.xcconfig; name = "Pods-twitter.debug.xcconfig"; path = "Pods/Target Support Files/Pods-twitter/Pods-twitter.debug.xcconfig"; sourceTree = "<group>"; };
		6107E74A957477B4C6CD5DB0 /* Pods-twitterUITests.release.xcconfig */ = {isa = PBXFileReference; includeInIndex = 1; lastKnownFileType = text.xcconfig; name = "Pods-twitterUITests.release.xcconfig"; path = "Pods/Target Support Files/Pods-twitterUITests/Pods-twitterUITests.release.xcconfig"; sourceTree = "<group>"; };
		7E034CBD4BAE1B9B56744DE1 /* Pods_twitterTests.framework */ = {isa = PBXFileReference; explicitFileType = wrapper.framework; includeInIndex = 0; path = Pods_twitterTests.framework; sourceTree = BUILT_PRODUCTS_DIR; };
		D0AC35D65AF3E1695CB273CE /* Pods_twitter.framework */ = {isa = PBXFileReference; explicitFileType = wrapper.framework; includeInIndex = 0; path = Pods_twitter.framework; sourceTree = BUILT_PRODUCTS_DIR; };
		E93C2270946A8233542C58BF /* Pods-twitter.release.xcconfig */ = {isa = PBXFileReference; includeInIndex = 1; lastKnownFileType = text.xcconfig; name = "Pods-twitter.release.xcconfig"; path = "Pods/Target Support Files/Pods-twitter/Pods-twitter.release.xcconfig"; sourceTree = "<group>"; };
		F3EE9279545378C5491DFB1A /* Pods-twitterUITests.debug.xcconfig */ = {isa = PBXFileReference; includeInIndex = 1; lastKnownFileType = text.xcconfig; name = "Pods-twitterUITests.debug.xcconfig"; path = "Pods/Target Support Files/Pods-twitterUITests/Pods-twitterUITests.debug.xcconfig"; sourceTree = "<group>"; };
/* End PBXFileReference section */

/* Begin PBXFrameworksBuildPhase section */
		3EDD17811D21C4C2009F461B /* Frameworks */ = {
			isa = PBXFrameworksBuildPhase;
			buildActionMask = 2147483647;
			files = (
				7DC77056C0BF661BC0AA87DA /* Pods_twitter.framework in Frameworks */,
			);
			runOnlyForDeploymentPostprocessing = 0;
		};
		3EDD17951D21C4C2009F461B /* Frameworks */ = {
			isa = PBXFrameworksBuildPhase;
			buildActionMask = 2147483647;
			files = (
				9830F3DDDC63F9D80B98C5C5 /* Pods_twitterTests.framework in Frameworks */,
			);
			runOnlyForDeploymentPostprocessing = 0;
		};
		3EDD17A01D21C4C2009F461B /* Frameworks */ = {
			isa = PBXFrameworksBuildPhase;
			buildActionMask = 2147483647;
			files = (
				72D0A8D6F3E0CADDE1DC7622 /* Pods_twitterUITests.framework in Frameworks */,
			);
			runOnlyForDeploymentPostprocessing = 0;
		};
/* End PBXFrameworksBuildPhase section */

/* Begin PBXGroup section */
		1014073A9CFBD3F31CEA5C6E /* Pods */ = {
			isa = PBXGroup;
			children = (
				55CB56D560DFC414F970B0AA /* Pods-twitter.debug.xcconfig */,
				E93C2270946A8233542C58BF /* Pods-twitter.release.xcconfig */,
				2AA08FEC5A65DAA90D9DE145 /* Pods-twitterTests.debug.xcconfig */,
				3267363C75B83381397ED5C4 /* Pods-twitterTests.release.xcconfig */,
				F3EE9279545378C5491DFB1A /* Pods-twitterUITests.debug.xcconfig */,
				6107E74A957477B4C6CD5DB0 /* Pods-twitterUITests.release.xcconfig */,
			);
			name = Pods;
			sourceTree = "<group>";
		};
		3E874F4D1D23880200EFC5E6 /* Storyboards */ = {
			isa = PBXGroup;
			children = (
				3EDD178B1D21C4C2009F461B /* Main.storyboard */,
				3EDD17901D21C4C2009F461B /* LaunchScreen.storyboard */,
			);
			name = Storyboards;
			sourceTree = "<group>";
		};
		3EDD177B1D21C4C2009F461B = {
			isa = PBXGroup;
			children = (
				3EDD17861D21C4C2009F461B /* twitter */,
				3EDD179B1D21C4C2009F461B /* twitterTests */,
				3EDD17A61D21C4C2009F461B /* twitterUITests */,
				3EDD17851D21C4C2009F461B /* Products */,
				1014073A9CFBD3F31CEA5C6E /* Pods */,
				60352FD2A362CFA7E5DE7C5D /* Frameworks */,
			);
			sourceTree = "<group>";
		};
		3EDD17851D21C4C2009F461B /* Products */ = {
			isa = PBXGroup;
			children = (
				3EDD17841D21C4C2009F461B /* twitter.app */,
				3EDD17981D21C4C2009F461B /* twitterTests.xctest */,
				3EDD17A31D21C4C2009F461B /* twitterUITests.xctest */,
			);
			name = Products;
			sourceTree = "<group>";
		};
		3EDD17861D21C4C2009F461B /* twitter */ = {
			isa = PBXGroup;
			children = (
				3E874F4D1D23880200EFC5E6 /* Storyboards */,
				3EDD17B91D21DC99009F461B /* API */,
				3EDD17B81D21DC94009F461B /* Models */,
				3EDD17B71D21DC8E009F461B /* View Controllers */,
				3EDD17871D21C4C2009F461B /* AppDelegate.swift */,
				3EDD178E1D21C4C2009F461B /* Assets.xcassets */,
				3EDD17931D21C4C2009F461B /* Info.plist */,
			);
			path = twitter;
			sourceTree = "<group>";
		};
		3EDD179B1D21C4C2009F461B /* twitterTests */ = {
			isa = PBXGroup;
			children = (
				3EDD179C1D21C4C2009F461B /* twitterTests.swift */,
				3EDD179E1D21C4C2009F461B /* Info.plist */,
			);
			path = twitterTests;
			sourceTree = "<group>";
		};
		3EDD17A61D21C4C2009F461B /* twitterUITests */ = {
			isa = PBXGroup;
			children = (
				3EDD17A71D21C4C2009F461B /* twitterUITests.swift */,
				3EDD17A91D21C4C2009F461B /* Info.plist */,
			);
			path = twitterUITests;
			sourceTree = "<group>";
		};
		3EDD17B71D21DC8E009F461B /* View Controllers */ = {
			isa = PBXGroup;
			children = (
				3E874F4E1D239FCC00EFC5E6 /* OtherUserViewController.swift */,
				3E874F491D23868700EFC5E6 /* ProfileViewController.swift */,
				3E874F4B1D23877100EFC5E6 /* DetailViewController.swift */,
				3E874F471D23380900EFC5E6 /* NewTweetViewController.swift */,
				3EDD17C41D221724009F461B /* TweetsViewController.swift */,
				3EDD17B51D21C8E2009F461B /* LoginViewController.swift */,
				3E874F451D23275400EFC5E6 /* TweetCell.swift */,
			);
			name = "View Controllers";
			sourceTree = "<group>";
		};
		3EDD17B81D21DC94009F461B /* Models */ = {
			isa = PBXGroup;
			children = (
				3E5E33541D25C3250061178A /* OriginalTweet.swift */,
				3EDD17BE1D21DE80009F461B /* Tweet.swift */,
				3EDD17BC1D21DCDD009F461B /* User.swift */,
			);
			name = Models;
			sourceTree = "<group>";
		};
		3EDD17B91D21DC99009F461B /* API */ = {
			isa = PBXGroup;
			children = (
				3EDD17C21D21E4F2009F461B /* TwitterClient.swift */,
			);
			name = API;
			sourceTree = "<group>";
		};
		60352FD2A362CFA7E5DE7C5D /* Frameworks */ = {
			isa = PBXGroup;
			children = (
				D0AC35D65AF3E1695CB273CE /* Pods_twitter.framework */,
				7E034CBD4BAE1B9B56744DE1 /* Pods_twitterTests.framework */,
				1D4F808202353EF2E6C3D4A6 /* Pods_twitterUITests.framework */,
			);
			name = Frameworks;
			sourceTree = "<group>";
		};
/* End PBXGroup section */

/* Begin PBXNativeTarget section */
		3EDD17831D21C4C2009F461B /* twitter */ = {
			isa = PBXNativeTarget;
			buildConfigurationList = 3EDD17AC1D21C4C2009F461B /* Build configuration list for PBXNativeTarget "twitter" */;
			buildPhases = (
				014F0EC070986BCA70DB961F /* [CP] Check Pods Manifest.lock */,
				3EDD17801D21C4C2009F461B /* Sources */,
				3EDD17811D21C4C2009F461B /* Frameworks */,
				3EDD17821D21C4C2009F461B /* Resources */,
				1BE83580015D07852AF95547 /* [CP] Embed Pods Frameworks */,
				380FFAF5FCC244DD12AC0688 /* [CP] Copy Pods Resources */,
			);
			buildRules = (
			);
			dependencies = (
			);
			name = twitter;
			productName = twitter;
			productReference = 3EDD17841D21C4C2009F461B /* twitter.app */;
			productType = "com.apple.product-type.application";
		};
		3EDD17971D21C4C2009F461B /* twitterTests */ = {
			isa = PBXNativeTarget;
			buildConfigurationList = 3EDD17AF1D21C4C2009F461B /* Build configuration list for PBXNativeTarget "twitterTests" */;
			buildPhases = (
				D473DEEBE3FC15A621877D70 /* [CP] Check Pods Manifest.lock */,
				3EDD17941D21C4C2009F461B /* Sources */,
				3EDD17951D21C4C2009F461B /* Frameworks */,
				3EDD17961D21C4C2009F461B /* Resources */,
				DD0207FE83577E6E17F521F7 /* [CP] Embed Pods Frameworks */,
				BF79DB4412FA3FD98ED17A8B /* [CP] Copy Pods Resources */,
			);
			buildRules = (
			);
			dependencies = (
				3EDD179A1D21C4C2009F461B /* PBXTargetDependency */,
			);
			name = twitterTests;
			productName = twitterTests;
			productReference = 3EDD17981D21C4C2009F461B /* twitterTests.xctest */;
			productType = "com.apple.product-type.bundle.unit-test";
		};
		3EDD17A21D21C4C2009F461B /* twitterUITests */ = {
			isa = PBXNativeTarget;
			buildConfigurationList = 3EDD17B21D21C4C2009F461B /* Build configuration list for PBXNativeTarget "twitterUITests" */;
			buildPhases = (
				F48B7542266EF6A3735C2E3F /* [CP] Check Pods Manifest.lock */,
				3EDD179F1D21C4C2009F461B /* Sources */,
				3EDD17A01D21C4C2009F461B /* Frameworks */,
				3EDD17A11D21C4C2009F461B /* Resources */,
				7F08A8740927BFCAE5EC9835 /* [CP] Copy Pods Resources */,
			);
			buildRules = (
			);
			dependencies = (
				3EDD17A51D21C4C2009F461B /* PBXTargetDependency */,
			);
			name = twitterUITests;
			productName = twitterUITests;
			productReference = 3EDD17A31D21C4C2009F461B /* twitterUITests.xctest */;
			productType = "com.apple.product-type.bundle.ui-testing";
		};
/* End PBXNativeTarget section */

/* Begin PBXProject section */
		3EDD177C1D21C4C2009F461B /* Project object */ = {
			isa = PBXProject;
			attributes = {
				LastSwiftUpdateCheck = 0730;
				LastUpgradeCheck = 0730;
				ORGANIZATIONNAME = "Sarah Zhou";
				TargetAttributes = {
					3EDD17831D21C4C2009F461B = {
						CreatedOnToolsVersion = 7.3.1;
					};
					3EDD17971D21C4C2009F461B = {
						CreatedOnToolsVersion = 7.3.1;
						TestTargetID = 3EDD17831D21C4C2009F461B;
					};
					3EDD17A21D21C4C2009F461B = {
						CreatedOnToolsVersion = 7.3.1;
						TestTargetID = 3EDD17831D21C4C2009F461B;
					};
				};
			};
			buildConfigurationList = 3EDD177F1D21C4C2009F461B /* Build configuration list for PBXProject "twitter" */;
			compatibilityVersion = "Xcode 3.2";
			developmentRegion = English;
			hasScannedForEncodings = 0;
			knownRegions = (
				en,
				Base,
			);
			mainGroup = 3EDD177B1D21C4C2009F461B;
			productRefGroup = 3EDD17851D21C4C2009F461B /* Products */;
			projectDirPath = "";
			projectRoot = "";
			targets = (
				3EDD17831D21C4C2009F461B /* twitter */,
				3EDD17971D21C4C2009F461B /* twitterTests */,
				3EDD17A21D21C4C2009F461B /* twitterUITests */,
			);
		};
/* End PBXProject section */

/* Begin PBXResourcesBuildPhase section */
		3EDD17821D21C4C2009F461B /* Resources */ = {
			isa = PBXResourcesBuildPhase;
			buildActionMask = 2147483647;
			files = (
				3EDD17921D21C4C2009F461B /* LaunchScreen.storyboard in Resources */,
				3EDD178F1D21C4C2009F461B /* Assets.xcassets in Resources */,
				3EDD178D1D21C4C2009F461B /* Main.storyboard in Resources */,
			);
			runOnlyForDeploymentPostprocessing = 0;
		};
		3EDD17961D21C4C2009F461B /* Resources */ = {
			isa = PBXResourcesBuildPhase;
			buildActionMask = 2147483647;
			files = (
			);
			runOnlyForDeploymentPostprocessing = 0;
		};
		3EDD17A11D21C4C2009F461B /* Resources */ = {
			isa = PBXResourcesBuildPhase;
			buildActionMask = 2147483647;
			files = (
			);
			runOnlyForDeploymentPostprocessing = 0;
		};
/* End PBXResourcesBuildPhase section */

/* Begin PBXShellScriptBuildPhase section */
		014F0EC070986BCA70DB961F /* [CP] Check Pods Manifest.lock */ = {
			isa = PBXShellScriptBuildPhase;
			buildActionMask = 2147483647;
			files = (
			);
			inputPaths = (
			);
			name = "[CP] Check Pods Manifest.lock";
			outputPaths = (
			);
			runOnlyForDeploymentPostprocessing = 0;
			shellPath = /bin/sh;
			shellScript = "diff \"${PODS_ROOT}/../Podfile.lock\" \"${PODS_ROOT}/Manifest.lock\" > /dev/null\nif [[ $? != 0 ]] ; then\n    cat << EOM\nerror: The sandbox is not in sync with the Podfile.lock. Run 'pod install' or update your CocoaPods installation.\nEOM\n    exit 1\nfi\n";
			showEnvVarsInLog = 0;
		};
		1BE83580015D07852AF95547 /* [CP] Embed Pods Frameworks */ = {
			isa = PBXShellScriptBuildPhase;
			buildActionMask = 2147483647;
			files = (
			);
			inputPaths = (
			);
			name = "[CP] Embed Pods Frameworks";
			outputPaths = (
			);
			runOnlyForDeploymentPostprocessing = 0;
			shellPath = /bin/sh;
			shellScript = "\"${SRCROOT}/Pods/Target Support Files/Pods-twitter/Pods-twitter-frameworks.sh\"\n";
			showEnvVarsInLog = 0;
		};
		380FFAF5FCC244DD12AC0688 /* [CP] Copy Pods Resources */ = {
			isa = PBXShellScriptBuildPhase;
			buildActionMask = 2147483647;
			files = (
			);
			inputPaths = (
			);
			name = "[CP] Copy Pods Resources";
			outputPaths = (
			);
			runOnlyForDeploymentPostprocessing = 0;
			shellPath = /bin/sh;
			shellScript = "\"${SRCROOT}/Pods/Target Support Files/Pods-twitter/Pods-twitter-resources.sh\"\n";
			showEnvVarsInLog = 0;
		};
		7F08A8740927BFCAE5EC9835 /* [CP] Copy Pods Resources */ = {
			isa = PBXShellScriptBuildPhase;
			buildActionMask = 2147483647;
			files = (
			);
			inputPaths = (
			);
			name = "[CP] Copy Pods Resources";
			outputPaths = (
			);
			runOnlyForDeploymentPostprocessing = 0;
			shellPath = /bin/sh;
			shellScript = "\"${SRCROOT}/Pods/Target Support Files/Pods-twitterUITests/Pods-twitterUITests-resources.sh\"\n";
			showEnvVarsInLog = 0;
		};
		BF79DB4412FA3FD98ED17A8B /* [CP] Copy Pods Resources */ = {
			isa = PBXShellScriptBuildPhase;
			buildActionMask = 2147483647;
			files = (
			);
			inputPaths = (
			);
			name = "[CP] Copy Pods Resources";
			outputPaths = (
			);
			runOnlyForDeploymentPostprocessing = 0;
			shellPath = /bin/sh;
			shellScript = "\"${SRCROOT}/Pods/Target Support Files/Pods-twitterTests/Pods-twitterTests-resources.sh\"\n";
			showEnvVarsInLog = 0;
		};
		D473DEEBE3FC15A621877D70 /* [CP] Check Pods Manifest.lock */ = {
			isa = PBXShellScriptBuildPhase;
			buildActionMask = 2147483647;
			files = (
			);
			inputPaths = (
			);
			name = "[CP] Check Pods Manifest.lock";
			outputPaths = (
			);
			runOnlyForDeploymentPostprocessing = 0;
			shellPath = /bin/sh;
			shellScript = "diff \"${PODS_ROOT}/../Podfile.lock\" \"${PODS_ROOT}/Manifest.lock\" > /dev/null\nif [[ $? != 0 ]] ; then\n    cat << EOM\nerror: The sandbox is not in sync with the Podfile.lock. Run 'pod install' or update your CocoaPods installation.\nEOM\n    exit 1\nfi\n";
			showEnvVarsInLog = 0;
		};
		DD0207FE83577E6E17F521F7 /* [CP] Embed Pods Frameworks */ = {
			isa = PBXShellScriptBuildPhase;
			buildActionMask = 2147483647;
			files = (
			);
			inputPaths = (
			);
			name = "[CP] Embed Pods Frameworks";
			outputPaths = (
			);
			runOnlyForDeploymentPostprocessing = 0;
			shellPath = /bin/sh;
			shellScript = "\"${SRCROOT}/Pods/Target Support Files/Pods-twitterTests/Pods-twitterTests-frameworks.sh\"\n";
			showEnvVarsInLog = 0;
		};
		F48B7542266EF6A3735C2E3F /* [CP] Check Pods Manifest.lock */ = {
			isa = PBXShellScriptBuildPhase;
			buildActionMask = 2147483647;
			files = (
			);
			inputPaths = (
			);
			name = "[CP] Check Pods Manifest.lock";
			outputPaths = (
			);
			runOnlyForDeploymentPostprocessing = 0;
			shellPath = /bin/sh;
			shellScript = "diff \"${PODS_ROOT}/../Podfile.lock\" \"${PODS_ROOT}/Manifest.lock\" > /dev/null\nif [[ $? != 0 ]] ; then\n    cat << EOM\nerror: The sandbox is not in sync with the Podfile.lock. Run 'pod install' or update your CocoaPods installation.\nEOM\n    exit 1\nfi\n";
			showEnvVarsInLog = 0;
		};
/* End PBXShellScriptBuildPhase section */

/* Begin PBXSourcesBuildPhase section */
		3EDD17801D21C4C2009F461B /* Sources */ = {
			isa = PBXSourcesBuildPhase;
			buildActionMask = 2147483647;
			files = (
				3EDD17BD1D21DCDD009F461B /* User.swift in Sources */,
				3E874F481D23380900EFC5E6 /* NewTweetViewController.swift in Sources */,
				3E874F461D23275400EFC5E6 /* TweetCell.swift in Sources */,
				3E874F4F1D239FCC00EFC5E6 /* OtherUserViewController.swift in Sources */,
				3E5E33551D25C3250061178A /* OriginalTweet.swift in Sources */,
				3EDD17BF1D21DE80009F461B /* Tweet.swift in Sources */,
				3EDD17B61D21C8E2009F461B /* LoginViewController.swift in Sources */,
				3EDD17C51D221724009F461B /* TweetsViewController.swift in Sources */,
				3E874F4A1D23868700EFC5E6 /* ProfileViewController.swift in Sources */,
				3E874F4C1D23877100EFC5E6 /* DetailViewController.swift in Sources */,
				3EDD17C31D21E4F2009F461B /* TwitterClient.swift in Sources */,
				3EDD17881D21C4C2009F461B /* AppDelegate.swift in Sources */,
			);
			runOnlyForDeploymentPostprocessing = 0;
		};
		3EDD17941D21C4C2009F461B /* Sources */ = {
			isa = PBXSourcesBuildPhase;
			buildActionMask = 2147483647;
			files = (
				3EDD179D1D21C4C2009F461B /* twitterTests.swift in Sources */,
			);
			runOnlyForDeploymentPostprocessing = 0;
		};
		3EDD179F1D21C4C2009F461B /* Sources */ = {
			isa = PBXSourcesBuildPhase;
			buildActionMask = 2147483647;
			files = (
				3EDD17A81D21C4C2009F461B /* twitterUITests.swift in Sources */,
			);
			runOnlyForDeploymentPostprocessing = 0;
		};
/* End PBXSourcesBuildPhase section */

/* Begin PBXTargetDependency section */
		3EDD179A1D21C4C2009F461B /* PBXTargetDependency */ = {
			isa = PBXTargetDependency;
			target = 3EDD17831D21C4C2009F461B /* twitter */;
			targetProxy = 3EDD17991D21C4C2009F461B /* PBXContainerItemProxy */;
		};
		3EDD17A51D21C4C2009F461B /* PBXTargetDependency */ = {
			isa = PBXTargetDependency;
			target = 3EDD17831D21C4C2009F461B /* twitter */;
			targetProxy = 3EDD17A41D21C4C2009F461B /* PBXContainerItemProxy */;
		};
/* End PBXTargetDependency section */

/* Begin PBXVariantGroup section */
		3EDD178B1D21C4C2009F461B /* Main.storyboard */ = {
			isa = PBXVariantGroup;
			children = (
				3EDD178C1D21C4C2009F461B /* Base */,
			);
			name = Main.storyboard;
			sourceTree = "<group>";
		};
		3EDD17901D21C4C2009F461B /* LaunchScreen.storyboard */ = {
			isa = PBXVariantGroup;
			children = (
				3EDD17911D21C4C2009F461B /* Base */,
			);
			name = LaunchScreen.storyboard;
			sourceTree = "<group>";
		};
/* End PBXVariantGroup section */

/* Begin XCBuildConfiguration section */
		3EDD17AA1D21C4C2009F461B /* Debug */ = {
			isa = XCBuildConfiguration;
			buildSettings = {
				ALWAYS_SEARCH_USER_PATHS = NO;
				CLANG_ANALYZER_NONNULL = YES;
				CLANG_CXX_LANGUAGE_STANDARD = "gnu++0x";
				CLANG_CXX_LIBRARY = "libc++";
				CLANG_ENABLE_MODULES = YES;
				CLANG_ENABLE_OBJC_ARC = YES;
				CLANG_WARN_BOOL_CONVERSION = YES;
				CLANG_WARN_CONSTANT_CONVERSION = YES;
				CLANG_WARN_DIRECT_OBJC_ISA_USAGE = YES_ERROR;
				CLANG_WARN_EMPTY_BODY = YES;
				CLANG_WARN_ENUM_CONVERSION = YES;
				CLANG_WARN_INT_CONVERSION = YES;
				CLANG_WARN_OBJC_ROOT_CLASS = YES_ERROR;
				CLANG_WARN_UNREACHABLE_CODE = YES;
				CLANG_WARN__DUPLICATE_METHOD_MATCH = YES;
				"CODE_SIGN_IDENTITY[sdk=iphoneos*]" = "iPhone Developer";
				COPY_PHASE_STRIP = NO;
				DEBUG_INFORMATION_FORMAT = dwarf;
				ENABLE_STRICT_OBJC_MSGSEND = YES;
				ENABLE_TESTABILITY = YES;
				GCC_C_LANGUAGE_STANDARD = gnu99;
				GCC_DYNAMIC_NO_PIC = NO;
				GCC_NO_COMMON_BLOCKS = YES;
				GCC_OPTIMIZATION_LEVEL = 0;
				GCC_PREPROCESSOR_DEFINITIONS = (
					"DEBUG=1",
					"$(inherited)",
				);
				GCC_WARN_64_TO_32_BIT_CONVERSION = YES;
				GCC_WARN_ABOUT_RETURN_TYPE = YES_ERROR;
				GCC_WARN_UNDECLARED_SELECTOR = YES;
				GCC_WARN_UNINITIALIZED_AUTOS = YES_AGGRESSIVE;
				GCC_WARN_UNUSED_FUNCTION = YES;
				GCC_WARN_UNUSED_VARIABLE = YES;
				IPHONEOS_DEPLOYMENT_TARGET = 9.3;
				MTL_ENABLE_DEBUG_INFO = YES;
				ONLY_ACTIVE_ARCH = YES;
				SDKROOT = iphoneos;
				SWIFT_OPTIMIZATION_LEVEL = "-Onone";
			};
			name = Debug;
		};
		3EDD17AB1D21C4C2009F461B /* Release */ = {
			isa = XCBuildConfiguration;
			buildSettings = {
				ALWAYS_SEARCH_USER_PATHS = NO;
				CLANG_ANALYZER_NONNULL = YES;
				CLANG_CXX_LANGUAGE_STANDARD = "gnu++0x";
				CLANG_CXX_LIBRARY = "libc++";
				CLANG_ENABLE_MODULES = YES;
				CLANG_ENABLE_OBJC_ARC = YES;
				CLANG_WARN_BOOL_CONVERSION = YES;
				CLANG_WARN_CONSTANT_CONVERSION = YES;
				CLANG_WARN_DIRECT_OBJC_ISA_USAGE = YES_ERROR;
				CLANG_WARN_EMPTY_BODY = YES;
				CLANG_WARN_ENUM_CONVERSION = YES;
				CLANG_WARN_INT_CONVERSION = YES;
				CLANG_WARN_OBJC_ROOT_CLASS = YES_ERROR;
				CLANG_WARN_UNREACHABLE_CODE = YES;
				CLANG_WARN__DUPLICATE_METHOD_MATCH = YES;
				"CODE_SIGN_IDENTITY[sdk=iphoneos*]" = "iPhone Developer";
				COPY_PHASE_STRIP = NO;
				DEBUG_INFORMATION_FORMAT = "dwarf-with-dsym";
				ENABLE_NS_ASSERTIONS = NO;
				ENABLE_STRICT_OBJC_MSGSEND = YES;
				GCC_C_LANGUAGE_STANDARD = gnu99;
				GCC_NO_COMMON_BLOCKS = YES;
				GCC_WARN_64_TO_32_BIT_CONVERSION = YES;
				GCC_WARN_ABOUT_RETURN_TYPE = YES_ERROR;
				GCC_WARN_UNDECLARED_SELECTOR = YES;
				GCC_WARN_UNINITIALIZED_AUTOS = YES_AGGRESSIVE;
				GCC_WARN_UNUSED_FUNCTION = YES;
				GCC_WARN_UNUSED_VARIABLE = YES;
				IPHONEOS_DEPLOYMENT_TARGET = 9.3;
				MTL_ENABLE_DEBUG_INFO = NO;
				SDKROOT = iphoneos;
				VALIDATE_PRODUCT = YES;
			};
			name = Release;
		};
		3EDD17AD1D21C4C2009F461B /* Debug */ = {
			isa = XCBuildConfiguration;
			baseConfigurationReference = 55CB56D560DFC414F970B0AA /* Pods-twitter.debug.xcconfig */;
			buildSettings = {
				ASSETCATALOG_COMPILER_APPICON_NAME = AppIcon;
				INFOPLIST_FILE = twitter/Info.plist;
				LD_RUNPATH_SEARCH_PATHS = "$(inherited) @executable_path/Frameworks";
				PRODUCT_BUNDLE_IDENTIFIER = syzhou.twitter;
				PRODUCT_NAME = "$(TARGET_NAME)";
			};
			name = Debug;
		};
		3EDD17AE1D21C4C2009F461B /* Release */ = {
			isa = XCBuildConfiguration;
			baseConfigurationReference = E93C2270946A8233542C58BF /* Pods-twitter.release.xcconfig */;
			buildSettings = {
				ASSETCATALOG_COMPILER_APPICON_NAME = AppIcon;
				INFOPLIST_FILE = twitter/Info.plist;
				LD_RUNPATH_SEARCH_PATHS = "$(inherited) @executable_path/Frameworks";
				PRODUCT_BUNDLE_IDENTIFIER = syzhou.twitter;
				PRODUCT_NAME = "$(TARGET_NAME)";
			};
			name = Release;
		};
		3EDD17B01D21C4C2009F461B /* Debug */ = {
			isa = XCBuildConfiguration;
			baseConfigurationReference = 2AA08FEC5A65DAA90D9DE145 /* Pods-twitterTests.debug.xcconfig */;
			buildSettings = {
				BUNDLE_LOADER = "$(TEST_HOST)";
				INFOPLIST_FILE = twitterTests/Info.plist;
				LD_RUNPATH_SEARCH_PATHS = "$(inherited) @executable_path/Frameworks @loader_path/Frameworks";
				PRODUCT_BUNDLE_IDENTIFIER = syzhou.twitterTests;
				PRODUCT_NAME = "$(TARGET_NAME)";
				TEST_HOST = "$(BUILT_PRODUCTS_DIR)/twitter.app/twitter";
			};
			name = Debug;
		};
		3EDD17B11D21C4C2009F461B /* Release */ = {
			isa = XCBuildConfiguration;
			baseConfigurationReference = 3267363C75B83381397ED5C4 /* Pods-twitterTests.release.xcconfig */;
			buildSettings = {
				BUNDLE_LOADER = "$(TEST_HOST)";
				INFOPLIST_FILE = twitterTests/Info.plist;
				LD_RUNPATH_SEARCH_PATHS = "$(inherited) @executable_path/Frameworks @loader_path/Frameworks";
				PRODUCT_BUNDLE_IDENTIFIER = syzhou.twitterTests;
				PRODUCT_NAME = "$(TARGET_NAME)";
				TEST_HOST = "$(BUILT_PRODUCTS_DIR)/twitter.app/twitter";
			};
			name = Release;
		};
		3EDD17B31D21C4C2009F461B /* Debug */ = {
			isa = XCBuildConfiguration;
			baseConfigurationReference = F3EE9279545378C5491DFB1A /* Pods-twitterUITests.debug.xcconfig */;
			buildSettings = {
				INFOPLIST_FILE = twitterUITests/Info.plist;
				LD_RUNPATH_SEARCH_PATHS = "$(inherited) @executable_path/Frameworks @loader_path/Frameworks";
				PRODUCT_BUNDLE_IDENTIFIER = syzhou.twitterUITests;
				PRODUCT_NAME = "$(TARGET_NAME)";
				TEST_TARGET_NAME = twitter;
			};
			name = Debug;
		};
		3EDD17B41D21C4C2009F461B /* Release */ = {
			isa = XCBuildConfiguration;
			baseConfigurationReference = 6107E74A957477B4C6CD5DB0 /* Pods-twitterUITests.release.xcconfig */;
			buildSettings = {
				INFOPLIST_FILE = twitterUITests/Info.plist;
				LD_RUNPATH_SEARCH_PATHS = "$(inherited) @executable_path/Frameworks @loader_path/Frameworks";
				PRODUCT_BUNDLE_IDENTIFIER = syzhou.twitterUITests;
				PRODUCT_NAME = "$(TARGET_NAME)";
				TEST_TARGET_NAME = twitter;
			};
			name = Release;
		};
/* End XCBuildConfiguration section */

/* Begin XCConfigurationList section */
		3EDD177F1D21C4C2009F461B /* Build configuration list for PBXProject "twitter" */ = {
			isa = XCConfigurationList;
			buildConfigurations = (
				3EDD17AA1D21C4C2009F461B /* Debug */,
				3EDD17AB1D21C4C2009F461B /* Release */,
			);
			defaultConfigurationIsVisible = 0;
			defaultConfigurationName = Release;
		};
		3EDD17AC1D21C4C2009F461B /* Build configuration list for PBXNativeTarget "twitter" */ = {
			isa = XCConfigurationList;
			buildConfigurations = (
				3EDD17AD1D21C4C2009F461B /* Debug */,
				3EDD17AE1D21C4C2009F461B /* Release */,
			);
			defaultConfigurationIsVisible = 0;
			defaultConfigurationName = Release;
		};
		3EDD17AF1D21C4C2009F461B /* Build configuration list for PBXNativeTarget "twitterTests" */ = {
			isa = XCConfigurationList;
			buildConfigurations = (
				3EDD17B01D21C4C2009F461B /* Debug */,
				3EDD17B11D21C4C2009F461B /* Release */,
			);
			defaultConfigurationIsVisible = 0;
			defaultConfigurationName = Release;
		};
		3EDD17B21D21C4C2009F461B /* Build configuration list for PBXNativeTarget "twitterUITests" */ = {
			isa = XCConfigurationList;
			buildConfigurations = (
				3EDD17B31D21C4C2009F461B /* Debug */,
				3EDD17B41D21C4C2009F461B /* Release */,
			);
			defaultConfigurationIsVisible = 0;
			defaultConfigurationName = Release;
		};
/* End XCConfigurationList section */
	};
	rootObject = 3EDD177C1D21C4C2009F461B /* Project object */;
}
